
Microsoft Visual Studio Solution File, Format Version 12.00
# Visual Studio 2012
Project("{D954291E-2A0B-460D-934E-DC6B0785DB48}") = "RealmMobilePlatformSample", "RealmMobilePlatformSample\RealmMobilePlatformSample.shproj", "{C2DA5CE8-E44E-4EFC-9F70-ACF9E259BD4E}"
EndProject
Project("{FAE04EC0-301F-11D3-BF4B-00C04F79EFBC}") = "RealmMobilePlatformSample.iOS", "iOS\RealmMobilePlatformSample.iOS.csproj", "{4805B008-8423-4BEF-B506-48B0F970EEB6}"
EndProject
Project("{FAE04EC0-301F-11D3-BF4B-00C04F79EFBC}") = "RealmMobilePlatformSample.Droid", "Droid\RealmMobilePlatformSample.Droid.csproj", "{027E1EEA-645D-4E42-9F61-186670A5CCBA}"
EndProject
Global
	GlobalSection(SolutionConfigurationPlatforms) = preSolution
		Debug|iPhoneSimulator = Debug|iPhoneSimulator
		Release|iPhone = Release|iPhone
		Release|iPhoneSimulator = Release|iPhoneSimulator
		Debug|iPhone = Debug|iPhone
		Debug|Any CPU = Debug|Any CPU
		Release|Any CPU = Release|Any CPU
	EndGlobalSection
	GlobalSection(ProjectConfigurationPlatforms) = postSolution
		{4805B008-8423-4BEF-B506-48B0F970EEB6}.Debug|iPhoneSimulator.ActiveCfg = Debug|iPhoneSimulator
		{4805B008-8423-4BEF-B506-48B0F970EEB6}.Debug|iPhoneSimulator.Build.0 = Debug|iPhoneSimulator
		{4805B008-8423-4BEF-B506-48B0F970EEB6}.Release|iPhone.ActiveCfg = Release|iPhone
		{4805B008-8423-4BEF-B506-48B0F970EEB6}.Release|iPhone.Build.0 = Release|iPhone
		{4805B008-8423-4BEF-B506-48B0F970EEB6}.Release|iPhoneSimulator.ActiveCfg = Release|iPhoneSimulator
		{4805B008-8423-4BEF-B506-48B0F970EEB6}.Release|iPhoneSimulator.Build.0 = Release|iPhoneSimulator
		{4805B008-8423-4BEF-B506-48B0F970EEB6}.Debug|iPhone.ActiveCfg = Debug|iPhone
		{4805B008-8423-4BEF-B506-48B0F970EEB6}.Debug|iPhone.Build.0 = Debug|iPhone
		{4805B008-8423-4BEF-B506-48B0F970EEB6}.Debug|Any CPU.ActiveCfg = Debug|iPhoneSimulator
		{4805B008-8423-4BEF-B506-48B0F970EEB6}.Debug|Any CPU.Build.0 = Debug|iPhoneSimulator
		{4805B008-8423-4BEF-B506-48B0F970EEB6}.Release|Any CPU.ActiveCfg = Release|iPhone
		{4805B008-8423-4BEF-B506-48B0F970EEB6}.Release|Any CPU.Build.0 = Release|iPhone
		{027E1EEA-645D-4E42-9F61-186670A5CCBA}.Debug|iPhoneSimulator.ActiveCfg = Debug|Any CPU
		{027E1EEA-645D-4E42-9F61-186670A5CCBA}.Debug|iPhoneSimulator.Build.0 = Debug|Any CPU
		{027E1EEA-645D-4E42-9F61-186670A5CCBA}.Release|iPhone.ActiveCfg = Release|Any CPU
		{027E1EEA-645D-4E42-9F61-186670A5CCBA}.Release|iPhone.Build.0 = Release|Any CPU
		{027E1EEA-645D-4E42-9F61-186670A5CCBA}.Release|iPhoneSimulator.ActiveCfg = Release|Any CPU
		{027E1EEA-645D-4E42-9F61-186670A5CCBA}.Release|iPhoneSimulator.Build.0 = Release|Any CPU
		{027E1EEA-645D-4E42-9F61-186670A5CCBA}.Debug|iPhone.ActiveCfg = Debug|Any CPU
		{027E1EEA-645D-4E42-9F61-186670A5CCBA}.Debug|iPhone.Build.0 = Debug|Any CPU
		{027E1EEA-645D-4E42-9F61-186670A5CCBA}.Debug|Any CPU.ActiveCfg = Debug|Any CPU
		{027E1EEA-645D-4E42-9F61-186670A5CCBA}.Debug|Any CPU.Build.0 = Debug|Any CPU
		{027E1EEA-645D-4E42-9F61-186670A5CCBA}.Release|Any CPU.ActiveCfg = Release|Any CPU
		{027E1EEA-645D-4E42-9F61-186670A5CCBA}.Release|Any CPU.Build.0 = Release|Any CPU
	EndGlobalSection
EndGlobal
